// !$*UTF8*$!
{
	archiveVersion = 1;
	classes = {
	};
	objectVersion = 52;
	objects = {

/* Begin PBXBuildFile section */
		7F124AE425F2F79F00D12DC5 /* Tests_iOS.swift in Sources */ = {isa = PBXBuildFile; fileRef = 7F124AE325F2F79F00D12DC5 /* Tests_iOS.swift */; };
		7F124AEF25F2F79F00D12DC5 /* Tests_macOS.swift in Sources */ = {isa = PBXBuildFile; fileRef = 7F124AEE25F2F79F00D12DC5 /* Tests_macOS.swift */; };
		7F124AF125F2F79F00D12DC5 /* shootingMethodPlotApp.swift in Sources */ = {isa = PBXBuildFile; fileRef = 7F124AC825F2F79B00D12DC5 /* shootingMethodPlotApp.swift */; };
		7F124AF225F2F79F00D12DC5 /* shootingMethodPlotApp.swift in Sources */ = {isa = PBXBuildFile; fileRef = 7F124AC825F2F79B00D12DC5 /* shootingMethodPlotApp.swift */; };
		7F124AF325F2F79F00D12DC5 /* ContentView.swift in Sources */ = {isa = PBXBuildFile; fileRef = 7F124AC925F2F79B00D12DC5 /* ContentView.swift */; };
		7F124AF425F2F79F00D12DC5 /* ContentView.swift in Sources */ = {isa = PBXBuildFile; fileRef = 7F124AC925F2F79B00D12DC5 /* ContentView.swift */; };
		7F124AF525F2F79F00D12DC5 /* Assets.xcassets in Resources */ = {isa = PBXBuildFile; fileRef = 7F124ACA25F2F79F00D12DC5 /* Assets.xcassets */; };
		7F124AF625F2F79F00D12DC5 /* Assets.xcassets in Resources */ = {isa = PBXBuildFile; fileRef = 7F124ACA25F2F79F00D12DC5 /* Assets.xcassets */; };
		7F124B1325F2F7B200D12DC5 /* ChangingPlotParameters.swift in Sources */ = {isa = PBXBuildFile; fileRef = 7F124B0925F2F7B200D12DC5 /* ChangingPlotParameters.swift */; };
		7F124B1425F2F7B200D12DC5 /* ChangingPlotParameters.swift in Sources */ = {isa = PBXBuildFile; fileRef = 7F124B0925F2F7B200D12DC5 /* ChangingPlotParameters.swift */; };
		7F124B1525F2F7B200D12DC5 /* ChangingPlotParameters.swift in Sources */ = {isa = PBXBuildFile; fileRef = 7F124B0925F2F7B200D12DC5 /* ChangingPlotParameters.swift */; };
		7F124B1625F2F7B200D12DC5 /* ChangingPlotParameters.swift in Sources */ = {isa = PBXBuildFile; fileRef = 7F124B0925F2F7B200D12DC5 /* ChangingPlotParameters.swift */; };
		7F124B1725F2F7B200D12DC5 /* CorePlot.swift in Sources */ = {isa = PBXBuildFile; fileRef = 7F124B0A25F2F7B200D12DC5 /* CorePlot.swift */; };
		7F124B1825F2F7B200D12DC5 /* CorePlot.swift in Sources */ = {isa = PBXBuildFile; fileRef = 7F124B0A25F2F7B200D12DC5 /* CorePlot.swift */; };
		7F124B1925F2F7B200D12DC5 /* CorePlot.swift in Sources */ = {isa = PBXBuildFile; fileRef = 7F124B0A25F2F7B200D12DC5 /* CorePlot.swift */; };
		7F124B1A25F2F7B200D12DC5 /* CorePlot.swift in Sources */ = {isa = PBXBuildFile; fileRef = 7F124B0A25F2F7B200D12DC5 /* CorePlot.swift */; };
		7F124B1F25F2F7B200D12DC5 /* PlotDataClass.swift in Sources */ = {isa = PBXBuildFile; fileRef = 7F124B0C25F2F7B200D12DC5 /* PlotDataClass.swift */; };
		7F124B2025F2F7B200D12DC5 /* PlotDataClass.swift in Sources */ = {isa = PBXBuildFile; fileRef = 7F124B0C25F2F7B200D12DC5 /* PlotDataClass.swift */; };
		7F124B2125F2F7B200D12DC5 /* PlotDataClass.swift in Sources */ = {isa = PBXBuildFile; fileRef = 7F124B0C25F2F7B200D12DC5 /* PlotDataClass.swift */; };
		7F124B2225F2F7B200D12DC5 /* PlotDataClass.swift in Sources */ = {isa = PBXBuildFile; fileRef = 7F124B0C25F2F7B200D12DC5 /* PlotDataClass.swift */; };
		7F124B2325F2F7B200D12DC5 /* TextExportDocument.swift in Sources */ = {isa = PBXBuildFile; fileRef = 7F124B0D25F2F7B200D12DC5 /* TextExportDocument.swift */; };
		7F124B2425F2F7B200D12DC5 /* TextExportDocument.swift in Sources */ = {isa = PBXBuildFile; fileRef = 7F124B0D25F2F7B200D12DC5 /* TextExportDocument.swift */; };
		7F124B2525F2F7B200D12DC5 /* TextExportDocument.swift in Sources */ = {isa = PBXBuildFile; fileRef = 7F124B0D25F2F7B200D12DC5 /* TextExportDocument.swift */; };
		7F124B2625F2F7B200D12DC5 /* TextExportDocument.swift in Sources */ = {isa = PBXBuildFile; fileRef = 7F124B0D25F2F7B200D12DC5 /* TextExportDocument.swift */; };
		7F124B2725F2F7B200D12DC5 /* operators.swift in Sources */ = {isa = PBXBuildFile; fileRef = 7F124B0E25F2F7B200D12DC5 /* operators.swift */; };
		7F124B2825F2F7B200D12DC5 /* operators.swift in Sources */ = {isa = PBXBuildFile; fileRef = 7F124B0E25F2F7B200D12DC5 /* operators.swift */; };
		7F124B2925F2F7B200D12DC5 /* operators.swift in Sources */ = {isa = PBXBuildFile; fileRef = 7F124B0E25F2F7B200D12DC5 /* operators.swift */; };
		7F124B2A25F2F7B200D12DC5 /* operators.swift in Sources */ = {isa = PBXBuildFile; fileRef = 7F124B0E25F2F7B200D12DC5 /* operators.swift */; };
		7F124B2B25F2F7B200D12DC5 /* CalculatePlotData.swift in Sources */ = {isa = PBXBuildFile; fileRef = 7F124B0F25F2F7B200D12DC5 /* CalculatePlotData.swift */; };
		7F124B2C25F2F7B200D12DC5 /* CalculatePlotData.swift in Sources */ = {isa = PBXBuildFile; fileRef = 7F124B0F25F2F7B200D12DC5 /* CalculatePlotData.swift */; };
		7F124B2D25F2F7B200D12DC5 /* CalculatePlotData.swift in Sources */ = {isa = PBXBuildFile; fileRef = 7F124B0F25F2F7B200D12DC5 /* CalculatePlotData.swift */; };
		7F124B2E25F2F7B200D12DC5 /* CalculatePlotData.swift in Sources */ = {isa = PBXBuildFile; fileRef = 7F124B0F25F2F7B200D12DC5 /* CalculatePlotData.swift */; };
		7F124B2F25F2F7B200D12DC5 /* TextView.swift in Sources */ = {isa = PBXBuildFile; fileRef = 7F124B1025F2F7B200D12DC5 /* TextView.swift */; };
		7F124B3025F2F7B200D12DC5 /* TextView.swift in Sources */ = {isa = PBXBuildFile; fileRef = 7F124B1025F2F7B200D12DC5 /* TextView.swift */; };
		7F124B3125F2F7B200D12DC5 /* TextView.swift in Sources */ = {isa = PBXBuildFile; fileRef = 7F124B1025F2F7B200D12DC5 /* TextView.swift */; };
		7F124B3225F2F7B200D12DC5 /* TextView.swift in Sources */ = {isa = PBXBuildFile; fileRef = 7F124B1025F2F7B200D12DC5 /* TextView.swift */; };
		7F124B4925F2F8C900D12DC5 /* CorePlot in Frameworks */ = {isa = PBXBuildFile; productRef = 7F124B4825F2F8C900D12DC5 /* CorePlot */; };
		7F124B5025F2F8D400D12DC5 /* CorePlot in Frameworks */ = {isa = PBXBuildFile; productRef = 7F124B4F25F2F8D400D12DC5 /* CorePlot */; };
		7F124B5225F2F8E600D12DC5 /* CorePlot in Frameworks */ = {isa = PBXBuildFile; productRef = 7F124B5125F2F8E600D12DC5 /* CorePlot */; };
		7F124B5425F2F8EA00D12DC5 /* CorePlot in Frameworks */ = {isa = PBXBuildFile; productRef = 7F124B5325F2F8EA00D12DC5 /* CorePlot */; };
		7F124B5E25FBC61000D12DC5 /* calculatePsi.swift in Sources */ = {isa = PBXBuildFile; fileRef = 7F124B5D25FBC61000D12DC5 /* calculatePsi.swift */; };
		7F124B5F25FBC61000D12DC5 /* calculatePsi.swift in Sources */ = {isa = PBXBuildFile; fileRef = 7F124B5D25FBC61000D12DC5 /* calculatePsi.swift */; };
		7F124B6025FBC61000D12DC5 /* calculatePsi.swift in Sources */ = {isa = PBXBuildFile; fileRef = 7F124B5D25FBC61000D12DC5 /* calculatePsi.swift */; };
		7F124B6125FBC61000D12DC5 /* calculatePsi.swift in Sources */ = {isa = PBXBuildFile; fileRef = 7F124B5D25FBC61000D12DC5 /* calculatePsi.swift */; };
		7F124B6725FBCF1E00D12DC5 /* waveFuctionArrayClass.swift in Sources */ = {isa = PBXBuildFile; fileRef = 7F124B6625FBCF1E00D12DC5 /* waveFuctionArrayClass.swift */; };
		7F124B6825FBCF1E00D12DC5 /* waveFuctionArrayClass.swift in Sources */ = {isa = PBXBuildFile; fileRef = 7F124B6625FBCF1E00D12DC5 /* waveFuctionArrayClass.swift */; };
		7F124B6925FBCF1E00D12DC5 /* waveFuctionArrayClass.swift in Sources */ = {isa = PBXBuildFile; fileRef = 7F124B6625FBCF1E00D12DC5 /* waveFuctionArrayClass.swift */; };
		7F124B6A25FBCF1E00D12DC5 /* waveFuctionArrayClass.swift in Sources */ = {isa = PBXBuildFile; fileRef = 7F124B6625FBCF1E00D12DC5 /* waveFuctionArrayClass.swift */; };
/* End PBXBuildFile section */

/* Begin PBXContainerItemProxy section */
		7F124AE025F2F79F00D12DC5 /* PBXContainerItemProxy */ = {
			isa = PBXContainerItemProxy;
			containerPortal = 7F124AC325F2F79B00D12DC5 /* Project object */;
			proxyType = 1;
			remoteGlobalIDString = 7F124ACE25F2F79F00D12DC5;
			remoteInfo = "shootingMethodPlot (iOS)";
		};
		7F124AEB25F2F79F00D12DC5 /* PBXContainerItemProxy */ = {
			isa = PBXContainerItemProxy;
			containerPortal = 7F124AC325F2F79B00D12DC5 /* Project object */;
			proxyType = 1;
			remoteGlobalIDString = 7F124AD625F2F79F00D12DC5;
			remoteInfo = "shootingMethodPlot (macOS)";
		};
/* End PBXContainerItemProxy section */

/* Begin PBXFileReference section */
		7F124AC825F2F79B00D12DC5 /* shootingMethodPlotApp.swift */ = {isa = PBXFileReference; lastKnownFileType = sourcecode.swift; path = shootingMethodPlotApp.swift; sourceTree = "<group>"; };
		7F124AC925F2F79B00D12DC5 /* ContentView.swift */ = {isa = PBXFileReference; lastKnownFileType = sourcecode.swift; path = ContentView.swift; sourceTree = "<group>"; };
		7F124ACA25F2F79F00D12DC5 /* Assets.xcassets */ = {isa = PBXFileReference; lastKnownFileType = folder.assetcatalog; path = Assets.xcassets; sourceTree = "<group>"; };
		7F124ACF25F2F79F00D12DC5 /* shootingMethodPlot.app */ = {isa = PBXFileReference; explicitFileType = wrapper.application; includeInIndex = 0; path = shootingMethodPlot.app; sourceTree = BUILT_PRODUCTS_DIR; };
		7F124AD225F2F79F00D12DC5 /* Info.plist */ = {isa = PBXFileReference; lastKnownFileType = text.plist.xml; path = Info.plist; sourceTree = "<group>"; };
		7F124AD725F2F79F00D12DC5 /* shootingMethodPlot.app */ = {isa = PBXFileReference; explicitFileType = wrapper.application; includeInIndex = 0; path = shootingMethodPlot.app; sourceTree = BUILT_PRODUCTS_DIR; };
		7F124AD925F2F79F00D12DC5 /* Info.plist */ = {isa = PBXFileReference; lastKnownFileType = text.plist.xml; path = Info.plist; sourceTree = "<group>"; };
		7F124ADA25F2F79F00D12DC5 /* macOS.entitlements */ = {isa = PBXFileReference; lastKnownFileType = text.plist.entitlements; path = macOS.entitlements; sourceTree = "<group>"; };
		7F124ADF25F2F79F00D12DC5 /* Tests iOS.xctest */ = {isa = PBXFileReference; explicitFileType = wrapper.cfbundle; includeInIndex = 0; path = "Tests iOS.xctest"; sourceTree = BUILT_PRODUCTS_DIR; };
		7F124AE325F2F79F00D12DC5 /* Tests_iOS.swift */ = {isa = PBXFileReference; lastKnownFileType = sourcecode.swift; path = Tests_iOS.swift; sourceTree = "<group>"; };
		7F124AE525F2F79F00D12DC5 /* Info.plist */ = {isa = PBXFileReference; lastKnownFileType = text.plist.xml; path = Info.plist; sourceTree = "<group>"; };
		7F124AEA25F2F79F00D12DC5 /* Tests macOS.xctest */ = {isa = PBXFileReference; explicitFileType = wrapper.cfbundle; includeInIndex = 0; path = "Tests macOS.xctest"; sourceTree = BUILT_PRODUCTS_DIR; };
		7F124AEE25F2F79F00D12DC5 /* Tests_macOS.swift */ = {isa = PBXFileReference; lastKnownFileType = sourcecode.swift; path = Tests_macOS.swift; sourceTree = "<group>"; };
		7F124AF025F2F79F00D12DC5 /* Info.plist */ = {isa = PBXFileReference; lastKnownFileType = text.plist.xml; path = Info.plist; sourceTree = "<group>"; };
		7F124B0925F2F7B200D12DC5 /* ChangingPlotParameters.swift */ = {isa = PBXFileReference; lastKnownFileType = sourcecode.swift; path = ChangingPlotParameters.swift; sourceTree = "<group>"; };
		7F124B0A25F2F7B200D12DC5 /* CorePlot.swift */ = {isa = PBXFileReference; lastKnownFileType = sourcecode.swift; path = CorePlot.swift; sourceTree = "<group>"; };
		7F124B0C25F2F7B200D12DC5 /* PlotDataClass.swift */ = {isa = PBXFileReference; lastKnownFileType = sourcecode.swift; path = PlotDataClass.swift; sourceTree = "<group>"; };
		7F124B0D25F2F7B200D12DC5 /* TextExportDocument.swift */ = {isa = PBXFileReference; lastKnownFileType = sourcecode.swift; path = TextExportDocument.swift; sourceTree = "<group>"; };
		7F124B0E25F2F7B200D12DC5 /* operators.swift */ = {isa = PBXFileReference; lastKnownFileType = sourcecode.swift; path = operators.swift; sourceTree = "<group>"; };
		7F124B0F25F2F7B200D12DC5 /* CalculatePlotData.swift */ = {isa = PBXFileReference; lastKnownFileType = sourcecode.swift; path = CalculatePlotData.swift; sourceTree = "<group>"; };
		7F124B1025F2F7B200D12DC5 /* TextView.swift */ = {isa = PBXFileReference; lastKnownFileType = sourcecode.swift; path = TextView.swift; sourceTree = "<group>"; };
		7F124B5D25FBC61000D12DC5 /* calculatePsi.swift */ = {isa = PBXFileReference; lastKnownFileType = sourcecode.swift; path = calculatePsi.swift; sourceTree = "<group>"; };
		7F124B6625FBCF1E00D12DC5 /* waveFuctionArrayClass.swift */ = {isa = PBXFileReference; lastKnownFileType = sourcecode.swift; path = waveFuctionArrayClass.swift; sourceTree = "<group>"; };
/* End PBXFileReference section */

/* Begin PBXFrameworksBuildPhase section */
		7F124ACC25F2F79F00D12DC5 /* Frameworks */ = {
			isa = PBXFrameworksBuildPhase;
			buildActionMask = 2147483647;
			files = (
				7F124B5025F2F8D400D12DC5 /* CorePlot in Frameworks */,
			);
			runOnlyForDeploymentPostprocessing = 0;
		};
		7F124AD425F2F79F00D12DC5 /* Frameworks */ = {
			isa = PBXFrameworksBuildPhase;
			buildActionMask = 2147483647;
			files = (
				7F124B4925F2F8C900D12DC5 /* CorePlot in Frameworks */,
			);
			runOnlyForDeploymentPostprocessing = 0;
		};
		7F124ADC25F2F79F00D12DC5 /* Frameworks */ = {
			isa = PBXFrameworksBuildPhase;
			buildActionMask = 2147483647;
			files = (
				7F124B5225F2F8E600D12DC5 /* CorePlot in Frameworks */,
			);
			runOnlyForDeploymentPostprocessing = 0;
		};
		7F124AE725F2F79F00D12DC5 /* Frameworks */ = {
			isa = PBXFrameworksBuildPhase;
			buildActionMask = 2147483647;
			files = (
				7F124B5425F2F8EA00D12DC5 /* CorePlot in Frameworks */,
			);
			runOnlyForDeploymentPostprocessing = 0;
		};
/* End PBXFrameworksBuildPhase section */

/* Begin PBXGroup section */
		7F124AC225F2F79B00D12DC5 = {
			isa = PBXGroup;
			children = (
				7F124AC725F2F79B00D12DC5 /* Shared */,
				7F124AD125F2F79F00D12DC5 /* iOS */,
				7F124AD825F2F79F00D12DC5 /* macOS */,
				7F124AE225F2F79F00D12DC5 /* Tests iOS */,
				7F124AED25F2F79F00D12DC5 /* Tests macOS */,
				7F124AD025F2F79F00D12DC5 /* Products */,
				7F124B4E25F2F8D400D12DC5 /* Frameworks */,
			);
			sourceTree = "<group>";
		};
		7F124AC725F2F79B00D12DC5 /* Shared */ = {
			isa = PBXGroup;
			children = (
				7F124AC825F2F79B00D12DC5 /* shootingMethodPlotApp.swift */,
				7F124AC925F2F79B00D12DC5 /* ContentView.swift */,
				7F124B0925F2F7B200D12DC5 /* ChangingPlotParameters.swift */,
				7F124B0A25F2F7B200D12DC5 /* CorePlot.swift */,
				7F124B0C25F2F7B200D12DC5 /* PlotDataClass.swift */,
				7F124B0D25F2F7B200D12DC5 /* TextExportDocument.swift */,
				7F124B0E25F2F7B200D12DC5 /* operators.swift */,
				7F124B0F25F2F7B200D12DC5 /* CalculatePlotData.swift */,
				7F124B6625FBCF1E00D12DC5 /* waveFuctionArrayClass.swift */,
				7F124B1025F2F7B200D12DC5 /* TextView.swift */,
				7F124ACA25F2F79F00D12DC5 /* Assets.xcassets */,
				7F124B5D25FBC61000D12DC5 /* calculatePsi.swift */,
			);
			path = Shared;
			sourceTree = "<group>";
		};
		7F124AD025F2F79F00D12DC5 /* Products */ = {
			isa = PBXGroup;
			children = (
				7F124ACF25F2F79F00D12DC5 /* shootingMethodPlot.app */,
				7F124AD725F2F79F00D12DC5 /* shootingMethodPlot.app */,
				7F124ADF25F2F79F00D12DC5 /* Tests iOS.xctest */,
				7F124AEA25F2F79F00D12DC5 /* Tests macOS.xctest */,
			);
			name = Products;
			sourceTree = "<group>";
		};
		7F124AD125F2F79F00D12DC5 /* iOS */ = {
			isa = PBXGroup;
			children = (
				7F124AD225F2F79F00D12DC5 /* Info.plist */,
			);
			path = iOS;
			sourceTree = "<group>";
		};
		7F124AD825F2F79F00D12DC5 /* macOS */ = {
			isa = PBXGroup;
			children = (
				7F124AD925F2F79F00D12DC5 /* Info.plist */,
				7F124ADA25F2F79F00D12DC5 /* macOS.entitlements */,
			);
			path = macOS;
			sourceTree = "<group>";
		};
		7F124AE225F2F79F00D12DC5 /* Tests iOS */ = {
			isa = PBXGroup;
			children = (
				7F124AE325F2F79F00D12DC5 /* Tests_iOS.swift */,
				7F124AE525F2F79F00D12DC5 /* Info.plist */,
			);
			path = "Tests iOS";
			sourceTree = "<group>";
		};
		7F124AED25F2F79F00D12DC5 /* Tests macOS */ = {
			isa = PBXGroup;
			children = (
				7F124AEE25F2F79F00D12DC5 /* Tests_macOS.swift */,
				7F124AF025F2F79F00D12DC5 /* Info.plist */,
			);
			path = "Tests macOS";
			sourceTree = "<group>";
		};
		7F124B4E25F2F8D400D12DC5 /* Frameworks */ = {
			isa = PBXGroup;
			children = (
			);
			name = Frameworks;
			sourceTree = "<group>";
		};
/* End PBXGroup section */

/* Begin PBXNativeTarget section */
		7F124ACE25F2F79F00D12DC5 /* shootingMethodPlot (iOS) */ = {
			isa = PBXNativeTarget;
			buildConfigurationList = 7F124AF925F2F79F00D12DC5 /* Build configuration list for PBXNativeTarget "shootingMethodPlot (iOS)" */;
			buildPhases = (
				7F124ACB25F2F79F00D12DC5 /* Sources */,
				7F124ACC25F2F79F00D12DC5 /* Frameworks */,
				7F124ACD25F2F79F00D12DC5 /* Resources */,
			);
			buildRules = (
			);
			dependencies = (
			);
			name = "shootingMethodPlot (iOS)";
			packageProductDependencies = (
				7F124B4F25F2F8D400D12DC5 /* CorePlot */,
			);
			productName = "shootingMethodPlot (iOS)";
			productReference = 7F124ACF25F2F79F00D12DC5 /* shootingMethodPlot.app */;
			productType = "com.apple.product-type.application";
		};
		7F124AD625F2F79F00D12DC5 /* shootingMethodPlot (macOS) */ = {
			isa = PBXNativeTarget;
			buildConfigurationList = 7F124AFC25F2F79F00D12DC5 /* Build configuration list for PBXNativeTarget "shootingMethodPlot (macOS)" */;
			buildPhases = (
				7F124AD325F2F79F00D12DC5 /* Sources */,
				7F124AD425F2F79F00D12DC5 /* Frameworks */,
				7F124AD525F2F79F00D12DC5 /* Resources */,
			);
			buildRules = (
			);
			dependencies = (
			);
			name = "shootingMethodPlot (macOS)";
			packageProductDependencies = (
				7F124B4825F2F8C900D12DC5 /* CorePlot */,
			);
			productName = "shootingMethodPlot (macOS)";
			productReference = 7F124AD725F2F79F00D12DC5 /* shootingMethodPlot.app */;
			productType = "com.apple.product-type.application";
		};
		7F124ADE25F2F79F00D12DC5 /* Tests iOS */ = {
			isa = PBXNativeTarget;
			buildConfigurationList = 7F124AFF25F2F79F00D12DC5 /* Build configuration list for PBXNativeTarget "Tests iOS" */;
			buildPhases = (
				7F124ADB25F2F79F00D12DC5 /* Sources */,
				7F124ADC25F2F79F00D12DC5 /* Frameworks */,
				7F124ADD25F2F79F00D12DC5 /* Resources */,
			);
			buildRules = (
			);
			dependencies = (
				7F124AE125F2F79F00D12DC5 /* PBXTargetDependency */,
			);
			name = "Tests iOS";
			packageProductDependencies = (
				7F124B5125F2F8E600D12DC5 /* CorePlot */,
			);
			productName = "Tests iOS";
			productReference = 7F124ADF25F2F79F00D12DC5 /* Tests iOS.xctest */;
			productType = "com.apple.product-type.bundle.ui-testing";
		};
		7F124AE925F2F79F00D12DC5 /* Tests macOS */ = {
			isa = PBXNativeTarget;
			buildConfigurationList = 7F124B0225F2F79F00D12DC5 /* Build configuration list for PBXNativeTarget "Tests macOS" */;
			buildPhases = (
				7F124AE625F2F79F00D12DC5 /* Sources */,
				7F124AE725F2F79F00D12DC5 /* Frameworks */,
				7F124AE825F2F79F00D12DC5 /* Resources */,
			);
			buildRules = (
			);
			dependencies = (
				7F124AEC25F2F79F00D12DC5 /* PBXTargetDependency */,
			);
			name = "Tests macOS";
			packageProductDependencies = (
				7F124B5325F2F8EA00D12DC5 /* CorePlot */,
			);
			productName = "Tests macOS";
			productReference = 7F124AEA25F2F79F00D12DC5 /* Tests macOS.xctest */;
			productType = "com.apple.product-type.bundle.ui-testing";
		};
/* End PBXNativeTarget section */

/* Begin PBXProject section */
		7F124AC325F2F79B00D12DC5 /* Project object */ = {
			isa = PBXProject;
			attributes = {
				LastSwiftUpdateCheck = 1240;
				LastUpgradeCheck = 1240;
				TargetAttributes = {
					7F124ACE25F2F79F00D12DC5 = {
						CreatedOnToolsVersion = 12.4;
					};
					7F124AD625F2F79F00D12DC5 = {
						CreatedOnToolsVersion = 12.4;
					};
					7F124ADE25F2F79F00D12DC5 = {
						CreatedOnToolsVersion = 12.4;
						TestTargetID = 7F124ACE25F2F79F00D12DC5;
					};
					7F124AE925F2F79F00D12DC5 = {
						CreatedOnToolsVersion = 12.4;
						TestTargetID = 7F124AD625F2F79F00D12DC5;
					};
				};
			};
			buildConfigurationList = 7F124AC625F2F79B00D12DC5 /* Build configuration list for PBXProject "shootingMethodPlot" */;
			compatibilityVersion = "Xcode 9.3";
			developmentRegion = en;
			hasScannedForEncodings = 0;
			knownRegions = (
				en,
				Base,
			);
			mainGroup = 7F124AC225F2F79B00D12DC5;
			packageReferences = (
				7F124B4725F2F8C900D12DC5 /* XCRemoteSwiftPackageReference "core-plot" */,
			);
			productRefGroup = 7F124AD025F2F79F00D12DC5 /* Products */;
			projectDirPath = "";
			projectRoot = "";
			targets = (
				7F124ACE25F2F79F00D12DC5 /* shootingMethodPlot (iOS) */,
				7F124AD625F2F79F00D12DC5 /* shootingMethodPlot (macOS) */,
				7F124ADE25F2F79F00D12DC5 /* Tests iOS */,
				7F124AE925F2F79F00D12DC5 /* Tests macOS */,
			);
		};
/* End PBXProject section */

/* Begin PBXResourcesBuildPhase section */
		7F124ACD25F2F79F00D12DC5 /* Resources */ = {
			isa = PBXResourcesBuildPhase;
			buildActionMask = 2147483647;
			files = (
				7F124AF525F2F79F00D12DC5 /* Assets.xcassets in Resources */,
			);
			runOnlyForDeploymentPostprocessing = 0;
		};
		7F124AD525F2F79F00D12DC5 /* Resources */ = {
			isa = PBXResourcesBuildPhase;
			buildActionMask = 2147483647;
			files = (
				7F124AF625F2F79F00D12DC5 /* Assets.xcassets in Resources */,
			);
			runOnlyForDeploymentPostprocessing = 0;
		};
		7F124ADD25F2F79F00D12DC5 /* Resources */ = {
			isa = PBXResourcesBuildPhase;
			buildActionMask = 2147483647;
			files = (
			);
			runOnlyForDeploymentPostprocessing = 0;
		};
		7F124AE825F2F79F00D12DC5 /* Resources */ = {
			isa = PBXResourcesBuildPhase;
			buildActionMask = 2147483647;
			files = (
			);
			runOnlyForDeploymentPostprocessing = 0;
		};
/* End PBXResourcesBuildPhase section */

/* Begin PBXSourcesBuildPhase section */
		7F124ACB25F2F79F00D12DC5 /* Sources */ = {
			isa = PBXSourcesBuildPhase;
			buildActionMask = 2147483647;
			files = (
				7F124AF325F2F79F00D12DC5 /* ContentView.swift in Sources */,
				7F124B2B25F2F7B200D12DC5 /* CalculatePlotData.swift in Sources */,
				7F124B2725F2F7B200D12DC5 /* operators.swift in Sources */,
				7F124B2325F2F7B200D12DC5 /* TextExportDocument.swift in Sources */,
				7F124B1F25F2F7B200D12DC5 /* PlotDataClass.swift in Sources */,
				7F124B5E25FBC61000D12DC5 /* calculatePsi.swift in Sources */,
				7F124B1725F2F7B200D12DC5 /* CorePlot.swift in Sources */,
				7F124AF125F2F79F00D12DC5 /* shootingMethodPlotApp.swift in Sources */,
				7F124B6725FBCF1E00D12DC5 /* waveFuctionArrayClass.swift in Sources */,
				7F124B1325F2F7B200D12DC5 /* ChangingPlotParameters.swift in Sources */,
				7F124B2F25F2F7B200D12DC5 /* TextView.swift in Sources */,
			);
			runOnlyForDeploymentPostprocessing = 0;
		};
		7F124AD325F2F79F00D12DC5 /* Sources */ = {
			isa = PBXSourcesBuildPhase;
			buildActionMask = 2147483647;
			files = (
				7F124AF425F2F79F00D12DC5 /* ContentView.swift in Sources */,
				7F124B2C25F2F7B200D12DC5 /* CalculatePlotData.swift in Sources */,
				7F124B2825F2F7B200D12DC5 /* operators.swift in Sources */,
				7F124B2425F2F7B200D12DC5 /* TextExportDocument.swift in Sources */,
				7F124B2025F2F7B200D12DC5 /* PlotDataClass.swift in Sources */,
				7F124B5F25FBC61000D12DC5 /* calculatePsi.swift in Sources */,
				7F124B1825F2F7B200D12DC5 /* CorePlot.swift in Sources */,
				7F124AF225F2F79F00D12DC5 /* shootingMethodPlotApp.swift in Sources */,
				7F124B6825FBCF1E00D12DC5 /* waveFuctionArrayClass.swift in Sources */,
				7F124B1425F2F7B200D12DC5 /* ChangingPlotParameters.swift in Sources */,
				7F124B3025F2F7B200D12DC5 /* TextView.swift in Sources */,
			);
			runOnlyForDeploymentPostprocessing = 0;
		};
		7F124ADB25F2F79F00D12DC5 /* Sources */ = {
			isa = PBXSourcesBuildPhase;
			buildActionMask = 2147483647;
			files = (
				7F124B1925F2F7B200D12DC5 /* CorePlot.swift in Sources */,
				7F124B2D25F2F7B200D12DC5 /* CalculatePlotData.swift in Sources */,
				7F124B2925F2F7B200D12DC5 /* operators.swift in Sources */,
				7F124AE425F2F79F00D12DC5 /* Tests_iOS.swift in Sources */,
				7F124B6025FBC61000D12DC5 /* calculatePsi.swift in Sources */,
				7F124B2125F2F7B200D12DC5 /* PlotDataClass.swift in Sources */,
				7F124B6925FBCF1E00D12DC5 /* waveFuctionArrayClass.swift in Sources */,
				7F124B2525F2F7B200D12DC5 /* TextExportDocument.swift in Sources */,
				7F124B3125F2F7B200D12DC5 /* TextView.swift in Sources */,
				7F124B1525F2F7B200D12DC5 /* ChangingPlotParameters.swift in Sources */,
			);
			runOnlyForDeploymentPostprocessing = 0;
		};
		7F124AE625F2F79F00D12DC5 /* Sources */ = {
			isa = PBXSourcesBuildPhase;
			buildActionMask = 2147483647;
			files = (
				7F124B1A25F2F7B200D12DC5 /* CorePlot.swift in Sources */,
				7F124B2E25F2F7B200D12DC5 /* CalculatePlotData.swift in Sources */,
				7F124B2A25F2F7B200D12DC5 /* operators.swift in Sources */,
				7F124AEF25F2F79F00D12DC5 /* Tests_macOS.swift in Sources */,
				7F124B6125FBC61000D12DC5 /* calculatePsi.swift in Sources */,
				7F124B2225F2F7B200D12DC5 /* PlotDataClass.swift in Sources */,
				7F124B6A25FBCF1E00D12DC5 /* waveFuctionArrayClass.swift in Sources */,
				7F124B2625F2F7B200D12DC5 /* TextExportDocument.swift in Sources */,
				7F124B3225F2F7B200D12DC5 /* TextView.swift in Sources */,
				7F124B1625F2F7B200D12DC5 /* ChangingPlotParameters.swift in Sources */,
			);
			runOnlyForDeploymentPostprocessing = 0;
		};
/* End PBXSourcesBuildPhase section */

/* Begin PBXTargetDependency section */
		7F124AE125F2F79F00D12DC5 /* PBXTargetDependency */ = {
			isa = PBXTargetDependency;
			target = 7F124ACE25F2F79F00D12DC5 /* shootingMethodPlot (iOS) */;
			targetProxy = 7F124AE025F2F79F00D12DC5 /* PBXContainerItemProxy */;
		};
		7F124AEC25F2F79F00D12DC5 /* PBXTargetDependency */ = {
			isa = PBXTargetDependency;
			target = 7F124AD625F2F79F00D12DC5 /* shootingMethodPlot (macOS) */;
			targetProxy = 7F124AEB25F2F79F00D12DC5 /* PBXContainerItemProxy */;
		};
/* End PBXTargetDependency section */

/* Begin XCBuildConfiguration section */
		7F124AF725F2F79F00D12DC5 /* Debug */ = {
			isa = XCBuildConfiguration;
			buildSettings = {
				ALWAYS_SEARCH_USER_PATHS = NO;
				CLANG_ANALYZER_NONNULL = YES;
				CLANG_ANALYZER_NUMBER_OBJECT_CONVERSION = YES_AGGRESSIVE;
				CLANG_CXX_LANGUAGE_STANDARD = "gnu++14";
				CLANG_CXX_LIBRARY = "libc++";
				CLANG_ENABLE_MODULES = YES;
				CLANG_ENABLE_OBJC_ARC = YES;
				CLANG_ENABLE_OBJC_WEAK = YES;
				CLANG_WARN_BLOCK_CAPTURE_AUTORELEASING = YES;
				CLANG_WARN_BOOL_CONVERSION = YES;
				CLANG_WARN_COMMA = YES;
				CLANG_WARN_CONSTANT_CONVERSION = YES;
				CLANG_WARN_DEPRECATED_OBJC_IMPLEMENTATIONS = YES;
				CLANG_WARN_DIRECT_OBJC_ISA_USAGE = YES_ERROR;
				CLANG_WARN_DOCUMENTATION_COMMENTS = YES;
				CLANG_WARN_EMPTY_BODY = YES;
				CLANG_WARN_ENUM_CONVERSION = YES;
				CLANG_WARN_INFINITE_RECURSION = YES;
				CLANG_WARN_INT_CONVERSION = YES;
				CLANG_WARN_NON_LITERAL_NULL_CONVERSION = YES;
				CLANG_WARN_OBJC_IMPLICIT_RETAIN_SELF = YES;
				CLANG_WARN_OBJC_LITERAL_CONVERSION = YES;
				CLANG_WARN_OBJC_ROOT_CLASS = YES_ERROR;
				CLANG_WARN_QUOTED_INCLUDE_IN_FRAMEWORK_HEADER = YES;
				CLANG_WARN_RANGE_LOOP_ANALYSIS = YES;
				CLANG_WARN_STRICT_PROTOTYPES = YES;
				CLANG_WARN_SUSPICIOUS_MOVE = YES;
				CLANG_WARN_UNGUARDED_AVAILABILITY = YES_AGGRESSIVE;
				CLANG_WARN_UNREACHABLE_CODE = YES;
				CLANG_WARN__DUPLICATE_METHOD_MATCH = YES;
				COPY_PHASE_STRIP = NO;
				DEBUG_INFORMATION_FORMAT = dwarf;
				ENABLE_STRICT_OBJC_MSGSEND = YES;
				ENABLE_TESTABILITY = YES;
				GCC_C_LANGUAGE_STANDARD = gnu11;
				GCC_DYNAMIC_NO_PIC = NO;
				GCC_NO_COMMON_BLOCKS = YES;
				GCC_OPTIMIZATION_LEVEL = 0;
				GCC_PREPROCESSOR_DEFINITIONS = (
					"DEBUG=1",
					"$(inherited)",
				);
				GCC_WARN_64_TO_32_BIT_CONVERSION = YES;
				GCC_WARN_ABOUT_RETURN_TYPE = YES_ERROR;
				GCC_WARN_UNDECLARED_SELECTOR = YES;
				GCC_WARN_UNINITIALIZED_AUTOS = YES_AGGRESSIVE;
				GCC_WARN_UNUSED_FUNCTION = YES;
				GCC_WARN_UNUSED_VARIABLE = YES;
				MTL_ENABLE_DEBUG_INFO = INCLUDE_SOURCE;
				MTL_FAST_MATH = YES;
				ONLY_ACTIVE_ARCH = YES;
				SWIFT_ACTIVE_COMPILATION_CONDITIONS = DEBUG;
				SWIFT_OPTIMIZATION_LEVEL = "-Onone";
			};
			name = Debug;
		};
		7F124AF825F2F79F00D12DC5 /* Release */ = {
			isa = XCBuildConfiguration;
			buildSettings = {
				ALWAYS_SEARCH_USER_PATHS = NO;
				CLANG_ANALYZER_NONNULL = YES;
				CLANG_ANALYZER_NUMBER_OBJECT_CONVERSION = YES_AGGRESSIVE;
				CLANG_CXX_LANGUAGE_STANDARD = "gnu++14";
				CLANG_CXX_LIBRARY = "libc++";
				CLANG_ENABLE_MODULES = YES;
				CLANG_ENABLE_OBJC_ARC = YES;
				CLANG_ENABLE_OBJC_WEAK = YES;
				CLANG_WARN_BLOCK_CAPTURE_AUTORELEASING = YES;
				CLANG_WARN_BOOL_CONVERSION = YES;
				CLANG_WARN_COMMA = YES;
				CLANG_WARN_CONSTANT_CONVERSION = YES;
				CLANG_WARN_DEPRECATED_OBJC_IMPLEMENTATIONS = YES;
				CLANG_WARN_DIRECT_OBJC_ISA_USAGE = YES_ERROR;
				CLANG_WARN_DOCUMENTATION_COMMENTS = YES;
				CLANG_WARN_EMPTY_BODY = YES;
				CLANG_WARN_ENUM_CONVERSION = YES;
				CLANG_WARN_INFINITE_RECURSION = YES;
				CLANG_WARN_INT_CONVERSION = YES;
				CLANG_WARN_NON_LITERAL_NULL_CONVERSION = YES;
				CLANG_WARN_OBJC_IMPLICIT_RETAIN_SELF = YES;
				CLANG_WARN_OBJC_LITERAL_CONVERSION = YES;
				CLANG_WARN_OBJC_ROOT_CLASS = YES_ERROR;
				CLANG_WARN_QUOTED_INCLUDE_IN_FRAMEWORK_HEADER = YES;
				CLANG_WARN_RANGE_LOOP_ANALYSIS = YES;
				CLANG_WARN_STRICT_PROTOTYPES = YES;
				CLANG_WARN_SUSPICIOUS_MOVE = YES;
				CLANG_WARN_UNGUARDED_AVAILABILITY = YES_AGGRESSIVE;
				CLANG_WARN_UNREACHABLE_CODE = YES;
				CLANG_WARN__DUPLICATE_METHOD_MATCH = YES;
				COPY_PHASE_STRIP = NO;
				DEBUG_INFORMATION_FORMAT = "dwarf-with-dsym";
				ENABLE_NS_ASSERTIONS = NO;
				ENABLE_STRICT_OBJC_MSGSEND = YES;
				GCC_C_LANGUAGE_STANDARD = gnu11;
				GCC_NO_COMMON_BLOCKS = YES;
				GCC_WARN_64_TO_32_BIT_CONVERSION = YES;
				GCC_WARN_ABOUT_RETURN_TYPE = YES_ERROR;
				GCC_WARN_UNDECLARED_SELECTOR = YES;
				GCC_WARN_UNINITIALIZED_AUTOS = YES_AGGRESSIVE;
				GCC_WARN_UNUSED_FUNCTION = YES;
				GCC_WARN_UNUSED_VARIABLE = YES;
				MTL_ENABLE_DEBUG_INFO = NO;
				MTL_FAST_MATH = YES;
				SWIFT_COMPILATION_MODE = wholemodule;
				SWIFT_OPTIMIZATION_LEVEL = "-O";
			};
			name = Release;
		};
		7F124AFA25F2F79F00D12DC5 /* Debug */ = {
			isa = XCBuildConfiguration;
			buildSettings = {
				ASSETCATALOG_COMPILER_APPICON_NAME = AppIcon;
				ASSETCATALOG_COMPILER_GLOBAL_ACCENT_COLOR_NAME = AccentColor;
				CODE_SIGN_STYLE = Automatic;
				DEVELOPMENT_TEAM = 3FRW7Z34LU;
				ENABLE_PREVIEWS = YES;
				INFOPLIST_FILE = iOS/Info.plist;
				IPHONEOS_DEPLOYMENT_TARGET = 14.0;
				LD_RUNPATH_SEARCH_PATHS = (
					"$(inherited)",
					"@executable_path/Frameworks",
				);
				PRODUCT_BUNDLE_IDENTIFIER = com.MAiit.shootingMethodPlot;
				PRODUCT_NAME = shootingMethodPlot;
				SDKROOT = iphoneos;
				SWIFT_VERSION = 5.0;
				TARGETED_DEVICE_FAMILY = "1,2";
			};
			name = Debug;
		};
		7F124AFB25F2F79F00D12DC5 /* Release */ = {
			isa = XCBuildConfiguration;
			buildSettings = {
				ASSETCATALOG_COMPILER_APPICON_NAME = AppIcon;
				ASSETCATALOG_COMPILER_GLOBAL_ACCENT_COLOR_NAME = AccentColor;
				CODE_SIGN_STYLE = Automatic;
				DEVELOPMENT_TEAM = 3FRW7Z34LU;
				ENABLE_PREVIEWS = YES;
				INFOPLIST_FILE = iOS/Info.plist;
				IPHONEOS_DEPLOYMENT_TARGET = 14.0;
				LD_RUNPATH_SEARCH_PATHS = (
					"$(inherited)",
					"@executable_path/Frameworks",
				);
				PRODUCT_BUNDLE_IDENTIFIER = com.MAiit.shootingMethodPlot;
				PRODUCT_NAME = shootingMethodPlot;
				SDKROOT = iphoneos;
				SWIFT_VERSION = 5.0;
				TARGETED_DEVICE_FAMILY = "1,2";
				VALIDATE_PRODUCT = YES;
			};
			name = Release;
		};
		7F124AFD25F2F79F00D12DC5 /* Debug */ = {
			isa = XCBuildConfiguration;
			buildSettings = {
				ASSETCATALOG_COMPILER_APPICON_NAME = AppIcon;
				ASSETCATALOG_COMPILER_GLOBAL_ACCENT_COLOR_NAME = AccentColor;
				CODE_SIGN_ENTITLEMENTS = macOS/macOS.entitlements;
				CODE_SIGN_STYLE = Automatic;
				COMBINE_HIDPI_IMAGES = YES;
				DEVELOPMENT_TEAM = 3FRW7Z34LU;
				ENABLE_HARDENED_RUNTIME = YES;
				ENABLE_PREVIEWS = YES;
				INFOPLIST_FILE = macOS/Info.plist;
				LD_RUNPATH_SEARCH_PATHS = (
					"$(inherited)",
					"@executable_path/../Frameworks",
				);
				MACOSX_DEPLOYMENT_TARGET = 11.0;
				PRODUCT_BUNDLE_IDENTIFIER = com.MAiit.shootingMethodPlot;
				PRODUCT_NAME = shootingMethodPlot;
				SDKROOT = macosx;
				SWIFT_VERSION = 5.0;
			};
			name = Debug;
		};
		7F124AFE25F2F79F00D12DC5 /* Release */ = {
			isa = XCBuildConfiguration;
			buildSettings = {
				ASSETCATALOG_COMPILER_APPICON_NAME = AppIcon;
				ASSETCATALOG_COMPILER_GLOBAL_ACCENT_COLOR_NAME = AccentColor;
				CODE_SIGN_ENTITLEMENTS = macOS/macOS.entitlements;
				CODE_SIGN_STYLE = Automatic;
				COMBINE_HIDPI_IMAGES = YES;
				DEVELOPMENT_TEAM = 3FRW7Z34LU;
				ENABLE_HARDENED_RUNTIME = YES;
				ENABLE_PREVIEWS = YES;
				INFOPLIST_FILE = macOS/Info.plist;
				LD_RUNPATH_SEARCH_PATHS = (
					"$(inherited)",
					"@executable_path/../Frameworks",
				);
				MACOSX_DEPLOYMENT_TARGET = 11.0;
				PRODUCT_BUNDLE_IDENTIFIER = com.MAiit.shootingMethodPlot;
				PRODUCT_NAME = shootingMethodPlot;
				SDKROOT = macosx;
				SWIFT_VERSION = 5.0;
			};
			name = Release;
		};
		7F124B0025F2F79F00D12DC5 /* Debug */ = {
			isa = XCBuildConfiguration;
			buildSettings = {
				ALWAYS_EMBED_SWIFT_STANDARD_LIBRARIES = YES;
				CODE_SIGN_STYLE = Automatic;
				DEVELOPMENT_TEAM = 3FRW7Z34LU;
				INFOPLIST_FILE = "Tests iOS/Info.plist";
				IPHONEOS_DEPLOYMENT_TARGET = 14.4;
				LD_RUNPATH_SEARCH_PATHS = (
					"$(inherited)",
					"@executable_path/Frameworks",
					"@loader_path/Frameworks",
				);
				PRODUCT_BUNDLE_IDENTIFIER = "com.MAiit.Tests-iOS";
				PRODUCT_NAME = "$(TARGET_NAME)";
				SDKROOT = iphoneos;
				SWIFT_VERSION = 5.0;
				TARGETED_DEVICE_FAMILY = "1,2";
				TEST_TARGET_NAME = "shootingMethodPlot (iOS)";
			};
			name = Debug;
		};
		7F124B0125F2F79F00D12DC5 /* Release */ = {
			isa = XCBuildConfiguration;
			buildSettings = {
				ALWAYS_EMBED_SWIFT_STANDARD_LIBRARIES = YES;
				CODE_SIGN_STYLE = Automatic;
				DEVELOPMENT_TEAM = 3FRW7Z34LU;
				INFOPLIST_FILE = "Tests iOS/Info.plist";
				IPHONEOS_DEPLOYMENT_TARGET = 14.4;
				LD_RUNPATH_SEARCH_PATHS = (
					"$(inherited)",
					"@executable_path/Frameworks",
					"@loader_path/Frameworks",
				);
				PRODUCT_BUNDLE_IDENTIFIER = "com.MAiit.Tests-iOS";
				PRODUCT_NAME = "$(TARGET_NAME)";
				SDKROOT = iphoneos;
				SWIFT_VERSION = 5.0;
				TARGETED_DEVICE_FAMILY = "1,2";
				TEST_TARGET_NAME = "shootingMethodPlot (iOS)";
				VALIDATE_PRODUCT = YES;
			};
			name = Release;
		};
		7F124B0325F2F79F00D12DC5 /* Debug */ = {
			isa = XCBuildConfiguration;
			buildSettings = {
				ALWAYS_EMBED_SWIFT_STANDARD_LIBRARIES = YES;
				CODE_SIGN_STYLE = Automatic;
				COMBINE_HIDPI_IMAGES = YES;
				DEVELOPMENT_TEAM = 3FRW7Z34LU;
				INFOPLIST_FILE = "Tests macOS/Info.plist";
				LD_RUNPATH_SEARCH_PATHS = (
					"$(inherited)",
					"@executable_path/../Frameworks",
					"@loader_path/../Frameworks",
				);
				MACOSX_DEPLOYMENT_TARGET = 11.1;
				PRODUCT_BUNDLE_IDENTIFIER = "com.MAiit.Tests-macOS";
				PRODUCT_NAME = "$(TARGET_NAME)";
				SDKROOT = macosx;
				SWIFT_VERSION = 5.0;
				TEST_TARGET_NAME = "shootingMethodPlot (macOS)";
			};
			name = Debug;
		};
		7F124B0425F2F79F00D12DC5 /* Release */ = {
			isa = XCBuildConfiguration;
			buildSettings = {
				ALWAYS_EMBED_SWIFT_STANDARD_LIBRARIES = YES;
				CODE_SIGN_STYLE = Automatic;
				COMBINE_HIDPI_IMAGES = YES;
				DEVELOPMENT_TEAM = 3FRW7Z34LU;
				INFOPLIST_FILE = "Tests macOS/Info.plist";
				LD_RUNPATH_SEARCH_PATHS = (
					"$(inherited)",
					"@executable_path/../Frameworks",
					"@loader_path/../Frameworks",
				);
				MACOSX_DEPLOYMENT_TARGET = 11.1;
				PRODUCT_BUNDLE_IDENTIFIER = "com.MAiit.Tests-macOS";
				PRODUCT_NAME = "$(TARGET_NAME)";
				SDKROOT = macosx;
				SWIFT_VERSION = 5.0;
				TEST_TARGET_NAME = "shootingMethodPlot (macOS)";
			};
			name = Release;
		};
/* End XCBuildConfiguration section */

/* Begin XCConfigurationList section */
		7F124AC625F2F79B00D12DC5 /* Build configuration list for PBXProject "shootingMethodPlot" */ = {
			isa = XCConfigurationList;
			buildConfigurations = (
				7F124AF725F2F79F00D12DC5 /* Debug */,
				7F124AF825F2F79F00D12DC5 /* Release */,
			);
			defaultConfigurationIsVisible = 0;
			defaultConfigurationName = Release;
		};
		7F124AF925F2F79F00D12DC5 /* Build configuration list for PBXNativeTarget "shootingMethodPlot (iOS)" */ = {
			isa = XCConfigurationList;
			buildConfigurations = (
				7F124AFA25F2F79F00D12DC5 /* Debug */,
				7F124AFB25F2F79F00D12DC5 /* Release */,
			);
			defaultConfigurationIsVisible = 0;
			defaultConfigurationName = Release;
		};
		7F124AFC25F2F79F00D12DC5 /* Build configuration list for PBXNativeTarget "shootingMethodPlot (macOS)" */ = {
			isa = XCConfigurationList;
			buildConfigurations = (
				7F124AFD25F2F79F00D12DC5 /* Debug */,
				7F124AFE25F2F79F00D12DC5 /* Release */,
			);
			defaultConfigurationIsVisible = 0;
			defaultConfigurationName = Release;
		};
		7F124AFF25F2F79F00D12DC5 /* Build configuration list for PBXNativeTarget "Tests iOS" */ = {
			isa = XCConfigurationList;
			buildConfigurations = (
				7F124B0025F2F79F00D12DC5 /* Debug */,
				7F124B0125F2F79F00D12DC5 /* Release */,
			);
			defaultConfigurationIsVisible = 0;
			defaultConfigurationName = Release;
		};
		7F124B0225F2F79F00D12DC5 /* Build configuration list for PBXNativeTarget "Tests macOS" */ = {
			isa = XCConfigurationList;
			buildConfigurations = (
				7F124B0325F2F79F00D12DC5 /* Debug */,
				7F124B0425F2F79F00D12DC5 /* Release */,
			);
			defaultConfigurationIsVisible = 0;
			defaultConfigurationName = Release;
		};
/* End XCConfigurationList section */

/* Begin XCRemoteSwiftPackageReference section */
		7F124B4725F2F8C900D12DC5 /* XCRemoteSwiftPackageReference "core-plot" */ = {
			isa = XCRemoteSwiftPackageReference;
			repositoryURL = "https://github.com/core-plot/core-plot/";
			requirement = {
				branch = "release-2.4";
				kind = branch;
			};
		};
/* End XCRemoteSwiftPackageReference section */

/* Begin XCSwiftPackageProductDependency section */
		7F124B4825F2F8C900D12DC5 /* CorePlot */ = {
			isa = XCSwiftPackageProductDependency;
			package = 7F124B4725F2F8C900D12DC5 /* XCRemoteSwiftPackageReference "core-plot" */;
			productName = CorePlot;
		};
		7F124B4F25F2F8D400D12DC5 /* CorePlot */ = {
			isa = XCSwiftPackageProductDependency;
			package = 7F124B4725F2F8C900D12DC5 /* XCRemoteSwiftPackageReference "core-plot" */;
			productName = CorePlot;
		};
		7F124B5125F2F8E600D12DC5 /* CorePlot */ = {
			isa = XCSwiftPackageProductDependency;
			package = 7F124B4725F2F8C900D12DC5 /* XCRemoteSwiftPackageReference "core-plot" */;
			productName = CorePlot;
		};
		7F124B5325F2F8EA00D12DC5 /* CorePlot */ = {
			isa = XCSwiftPackageProductDependency;
			package = 7F124B4725F2F8C900D12DC5 /* XCRemoteSwiftPackageReference "core-plot" */;
			productName = CorePlot;
		};
/* End XCSwiftPackageProductDependency section */
	};
	rootObject = 7F124AC325F2F79B00D12DC5 /* Project object */;
}
